// !$*UTF8*$!
{
	archiveVersion = 1;
	classes = {
	};
	objectVersion = 51;
	objects = {

/* Begin PBXBuildFile section */
		5A6BBB470DED29A2226FE1E6 /* Pods_GiphySearch.framework in Frameworks */ = {isa = PBXBuildFile; fileRef = 063350893CD25AFD1F01C570 /* Pods_GiphySearch.framework */; };
		629DF068256BB7920008E580 /* FavoritesViewController.swift in Sources */ = {isa = PBXBuildFile; fileRef = 629DF067256BB7920008E580 /* FavoritesViewController.swift */; };
		629DF077256BB7A40008E580 /* FavoritesCollectionViewCell.swift in Sources */ = {isa = PBXBuildFile; fileRef = 629DF076256BB7A40008E580 /* FavoritesCollectionViewCell.swift */; };
		629DF07C256BB8A10008E580 /* FavoritesViewModel.swift in Sources */ = {isa = PBXBuildFile; fileRef = 629DF07B256BB8A10008E580 /* FavoritesViewModel.swift */; };
		629DF081256BB8AB0008E580 /* FavoritesModel.swift in Sources */ = {isa = PBXBuildFile; fileRef = 629DF080256BB8AB0008E580 /* FavoritesModel.swift */; };
		62C6521525691DB600A3D54A /* AppDelegate.swift in Sources */ = {isa = PBXBuildFile; fileRef = 62C6521425691DB600A3D54A /* AppDelegate.swift */; };
		62C6521725691DB600A3D54A /* SceneDelegate.swift in Sources */ = {isa = PBXBuildFile; fileRef = 62C6521625691DB600A3D54A /* SceneDelegate.swift */; };
		62C6521C25691DB600A3D54A /* Main.storyboard in Resources */ = {isa = PBXBuildFile; fileRef = 62C6521A25691DB600A3D54A /* Main.storyboard */; };
		62C6521E25691DB800A3D54A /* Assets.xcassets in Resources */ = {isa = PBXBuildFile; fileRef = 62C6521D25691DB800A3D54A /* Assets.xcassets */; };
		62C6522125691DB800A3D54A /* LaunchScreen.storyboard in Resources */ = {isa = PBXBuildFile; fileRef = 62C6521F25691DB800A3D54A /* LaunchScreen.storyboard */; };
		62C6522C25691DB800A3D54A /* GiphySearchTests.swift in Sources */ = {isa = PBXBuildFile; fileRef = 62C6522B25691DB800A3D54A /* GiphySearchTests.swift */; };
		62C6523725691DB800A3D54A /* GiphySearchUITests.swift in Sources */ = {isa = PBXBuildFile; fileRef = 62C6523625691DB800A3D54A /* GiphySearchUITests.swift */; };
		62C6526925692F0200A3D54A /* ImagesTableViewCell.swift in Sources */ = {isa = PBXBuildFile; fileRef = 62C6526825692F0200A3D54A /* ImagesTableViewCell.swift */; };
		62C6527B2569303900A3D54A /* ImagesViewController.swift in Sources */ = {isa = PBXBuildFile; fileRef = 62C6527A2569303900A3D54A /* ImagesViewController.swift */; };
		62C652A42569348C00A3D54A /* Fixed_width_downsampled.swift in Sources */ = {isa = PBXBuildFile; fileRef = 62C652832569348400A3D54A /* Fixed_width_downsampled.swift */; };
		62C652A52569348C00A3D54A /* Looping.swift in Sources */ = {isa = PBXBuildFile; fileRef = 62C652842569348500A3D54A /* Looping.swift */; };
		62C652A62569348C00A3D54A /* Downsized_still.swift in Sources */ = {isa = PBXBuildFile; fileRef = 62C652852569348500A3D54A /* Downsized_still.swift */; };
		62C652A72569348C00A3D54A /* JSONCompatible.swift in Sources */ = {isa = PBXBuildFile; fileRef = 62C652862569348500A3D54A /* JSONCompatible.swift */; };
		62C652A82569348C00A3D54A /* Fixed_width_still.swift in Sources */ = {isa = PBXBuildFile; fileRef = 62C652872569348500A3D54A /* Fixed_width_still.swift */; };
		62C652A92569348C00A3D54A /* Onsent.swift in Sources */ = {isa = PBXBuildFile; fileRef = 62C652882569348600A3D54A /* Onsent.swift */; };
		62C652AA2569348C00A3D54A /* Original_mp4.swift in Sources */ = {isa = PBXBuildFile; fileRef = 62C652892569348600A3D54A /* Original_mp4.swift */; };
		62C652AB2569348C00A3D54A /* Fixed_width_small_still.swift in Sources */ = {isa = PBXBuildFile; fileRef = 62C6528A2569348600A3D54A /* Fixed_width_small_still.swift */; };
		62C652AC2569348C00A3D54A /* Downsized_medium.swift in Sources */ = {isa = PBXBuildFile; fileRef = 62C6528B2569348600A3D54A /* Downsized_medium.swift */; };
		62C652AD2569348C00A3D54A /* Fixed_width_small.swift in Sources */ = {isa = PBXBuildFile; fileRef = 62C6528C2569348700A3D54A /* Fixed_width_small.swift */; };
		62C652AE2569348C00A3D54A /* Onload.swift in Sources */ = {isa = PBXBuildFile; fileRef = 62C6528D2569348700A3D54A /* Onload.swift */; };
		62C652AF2569348C00A3D54A /* W480_still.swift in Sources */ = {isa = PBXBuildFile; fileRef = 62C6528E2569348700A3D54A /* W480_still.swift */; };
		62C652B02569348C00A3D54A /* Downsized_small.swift in Sources */ = {isa = PBXBuildFile; fileRef = 62C6528F2569348700A3D54A /* Downsized_small.swift */; };
		62C652B12569348C00A3D54A /* Fixed_height.swift in Sources */ = {isa = PBXBuildFile; fileRef = 62C652902569348800A3D54A /* Fixed_height.swift */; };
		62C652B22569348C00A3D54A /* Fixed_height_still.swift in Sources */ = {isa = PBXBuildFile; fileRef = 62C652912569348800A3D54A /* Fixed_height_still.swift */; };
		62C652B32569348C00A3D54A /* Original_still.swift in Sources */ = {isa = PBXBuildFile; fileRef = 62C652922569348800A3D54A /* Original_still.swift */; };
		62C652B42569348C00A3D54A /* GiphyResponse.swift in Sources */ = {isa = PBXBuildFile; fileRef = 62C652932569348800A3D54A /* GiphyResponse.swift */; };
		62C652B52569348C00A3D54A /* Pagination.swift in Sources */ = {isa = PBXBuildFile; fileRef = 62C652942569348800A3D54A /* Pagination.swift */; };
		62C652B62569348C00A3D54A /* Fixed_height_downsampled.swift in Sources */ = {isa = PBXBuildFile; fileRef = 62C652952569348900A3D54A /* Fixed_height_downsampled.swift */; };
		62C652B72569348C00A3D54A /* Preview.swift in Sources */ = {isa = PBXBuildFile; fileRef = 62C652962569348900A3D54A /* Preview.swift */; };
		62C652B82569348C00A3D54A /* Images.swift in Sources */ = {isa = PBXBuildFile; fileRef = 62C652972569348900A3D54A /* Images.swift */; };
		62C652B92569348C00A3D54A /* DataItem.swift in Sources */ = {isa = PBXBuildFile; fileRef = 62C652982569348900A3D54A /* DataItem.swift */; };
		62C652BA2569348C00A3D54A /* Onclick.swift in Sources */ = {isa = PBXBuildFile; fileRef = 62C652992569348A00A3D54A /* Onclick.swift */; };
		62C652BB2569348C00A3D54A /* Downsized.swift in Sources */ = {isa = PBXBuildFile; fileRef = 62C6529A2569348A00A3D54A /* Downsized.swift */; };
		62C652BC2569348C00A3D54A /* Meta.swift in Sources */ = {isa = PBXBuildFile; fileRef = 62C6529B2569348A00A3D54A /* Meta.swift */; };
		62C652BD2569348C00A3D54A /* Fixed_width.swift in Sources */ = {isa = PBXBuildFile; fileRef = 62C6529C2569348A00A3D54A /* Fixed_width.swift */; };
		62C652BE2569348C00A3D54A /* Preview_gif.swift in Sources */ = {isa = PBXBuildFile; fileRef = 62C6529D2569348B00A3D54A /* Preview_gif.swift */; };
		62C652BF2569348C00A3D54A /* Preview_webp.swift in Sources */ = {isa = PBXBuildFile; fileRef = 62C6529E2569348B00A3D54A /* Preview_webp.swift */; };
		62C652C02569348C00A3D54A /* Downsized_large.swift in Sources */ = {isa = PBXBuildFile; fileRef = 62C6529F2569348B00A3D54A /* Downsized_large.swift */; };
		62C652C12569348C00A3D54A /* Fixed_height_small_still.swift in Sources */ = {isa = PBXBuildFile; fileRef = 62C652A02569348B00A3D54A /* Fixed_height_small_still.swift */; };
		62C652C22569348C00A3D54A /* Original.swift in Sources */ = {isa = PBXBuildFile; fileRef = 62C652A12569348B00A3D54A /* Original.swift */; };
		62C652C32569348C00A3D54A /* Analytics.swift in Sources */ = {isa = PBXBuildFile; fileRef = 62C652A22569348C00A3D54A /* Analytics.swift */; };
		62C652C42569348C00A3D54A /* Fixed_height_small.swift in Sources */ = {isa = PBXBuildFile; fileRef = 62C652A32569348C00A3D54A /* Fixed_height_small.swift */; };
		62C652CC2569361B00A3D54A /* ImagesViewControllerDataSource.swift in Sources */ = {isa = PBXBuildFile; fileRef = 62C652CB2569361B00A3D54A /* ImagesViewControllerDataSource.swift */; };
		62C652D12569376600A3D54A /* Constants.swift in Sources */ = {isa = PBXBuildFile; fileRef = 62C652D02569376600A3D54A /* Constants.swift */; };
		62C652EE256957D400A3D54A /* NSManagedObjectContext+Extensions.swift in Sources */ = {isa = PBXBuildFile; fileRef = 62C652D6256957D400A3D54A /* NSManagedObjectContext+Extensions.swift */; };
		62C652EF256957D400A3D54A /* CoreDataManager.swift in Sources */ = {isa = PBXBuildFile; fileRef = 62C652D7256957D400A3D54A /* CoreDataManager.swift */; };
		62C652F1256957D400A3D54A /* CoreDataStorage.xcdatamodeld in Sources */ = {isa = PBXBuildFile; fileRef = 62C652D9256957D400A3D54A /* CoreDataStorage.xcdatamodeld */; };
		62C652F2256957D500A3D54A /* CoreDataModel.swift in Sources */ = {isa = PBXBuildFile; fileRef = 62C652DB256957D400A3D54A /* CoreDataModel.swift */; };
		62C652F3256957D500A3D54A /* CoreDataStorage.swift in Sources */ = {isa = PBXBuildFile; fileRef = 62C652DC256957D400A3D54A /* CoreDataStorage.swift */; };
		62C652F4256957D500A3D54A /* CoreDataStack.swift in Sources */ = {isa = PBXBuildFile; fileRef = 62C652DD256957D400A3D54A /* CoreDataStack.swift */; };
		62C65303256957D500A3D54A /* HTTPRequest.swift in Sources */ = {isa = PBXBuildFile; fileRef = 62C652ED256957D400A3D54A /* HTTPRequest.swift */; };
		62C6530B2569586F00A3D54A /* Utilities.swift in Sources */ = {isa = PBXBuildFile; fileRef = 62C6530A2569586F00A3D54A /* Utilities.swift */; };
		62C653112569592200A3D54A /* FavoritesImages+CoreDataClass.swift in Sources */ = {isa = PBXBuildFile; fileRef = 62C6530F2569592200A3D54A /* FavoritesImages+CoreDataClass.swift */; };
		62C653122569592200A3D54A /* FavoritesImages+CoreDataProperties.swift in Sources */ = {isa = PBXBuildFile; fileRef = 62C653102569592200A3D54A /* FavoritesImages+CoreDataProperties.swift */; };
		62C6531E25695B0100A3D54A /* CoreDataStackProvider.swift in Sources */ = {isa = PBXBuildFile; fileRef = 62C6531D25695B0100A3D54A /* CoreDataStackProvider.swift */; };
		62C6532325695CFD00A3D54A /* ImagesViewModel.swift in Sources */ = {isa = PBXBuildFile; fileRef = 62C6532225695CFD00A3D54A /* ImagesViewModel.swift */; };
		62C6532825695D7300A3D54A /* ImagesModel.swift in Sources */ = {isa = PBXBuildFile; fileRef = 62C6532725695D7300A3D54A /* ImagesModel.swift */; };
		62C65344256976A300A3D54A /* ImagesViewControllerDelegate.swift in Sources */ = {isa = PBXBuildFile; fileRef = 62C65343256976A300A3D54A /* ImagesViewControllerDelegate.swift */; };
		62C653492569771100A3D54A /* BaseViewController.swift in Sources */ = {isa = PBXBuildFile; fileRef = 62C653482569771100A3D54A /* BaseViewController.swift */; };
		62D56AB8256C0C9E00F222C2 /* FavoritesViewControllerDataSource.swift in Sources */ = {isa = PBXBuildFile; fileRef = 62D56AB7256C0C9E00F222C2 /* FavoritesViewControllerDataSource.swift */; };
		62D56ABD256C0CAD00F222C2 /* FavoritesViewControllerFlowLayout.swift in Sources */ = {isa = PBXBuildFile; fileRef = 62D56ABC256C0CAD00F222C2 /* FavoritesViewControllerFlowLayout.swift */; };
		93E2D7566D818F2979A10CAF /* Pods_GiphySearchTests.framework in Frameworks */ = {isa = PBXBuildFile; fileRef = B526D501156AF79E8ACC55CB /* Pods_GiphySearchTests.framework */; };
		CC76404731567BB102EF51B3 /* Pods_GiphySearch_GiphySearchUITests.framework in Frameworks */ = {isa = PBXBuildFile; fileRef = 0E24D5DF273F581977FB1D91 /* Pods_GiphySearch_GiphySearchUITests.framework */; };
/* End PBXBuildFile section */

/* Begin PBXContainerItemProxy section */
		62C6522825691DB800A3D54A /* PBXContainerItemProxy */ = {
			isa = PBXContainerItemProxy;
			containerPortal = 62C6520925691DB600A3D54A /* Project object */;
			proxyType = 1;
			remoteGlobalIDString = 62C6521025691DB600A3D54A;
			remoteInfo = GiphySearch;
		};
		62C6523325691DB800A3D54A /* PBXContainerItemProxy */ = {
			isa = PBXContainerItemProxy;
			containerPortal = 62C6520925691DB600A3D54A /* Project object */;
			proxyType = 1;
			remoteGlobalIDString = 62C6521025691DB600A3D54A;
			remoteInfo = GiphySearch;
		};
/* End PBXContainerItemProxy section */

/* Begin PBXFileReference section */
		063350893CD25AFD1F01C570 /* Pods_GiphySearch.framework */ = {isa = PBXFileReference; explicitFileType = wrapper.framework; includeInIndex = 0; path = Pods_GiphySearch.framework; sourceTree = BUILT_PRODUCTS_DIR; };
		0E24D5DF273F581977FB1D91 /* Pods_GiphySearch_GiphySearchUITests.framework */ = {isa = PBXFileReference; explicitFileType = wrapper.framework; includeInIndex = 0; path = Pods_GiphySearch_GiphySearchUITests.framework; sourceTree = BUILT_PRODUCTS_DIR; };
		327AE510240030F17A747323 /* Pods-GiphySearch.release.xcconfig */ = {isa = PBXFileReference; includeInIndex = 1; lastKnownFileType = text.xcconfig; name = "Pods-GiphySearch.release.xcconfig"; path = "Target Support Files/Pods-GiphySearch/Pods-GiphySearch.release.xcconfig"; sourceTree = "<group>"; };
		629DF067256BB7920008E580 /* FavoritesViewController.swift */ = {isa = PBXFileReference; lastKnownFileType = sourcecode.swift; path = FavoritesViewController.swift; sourceTree = "<group>"; };
		629DF076256BB7A40008E580 /* FavoritesCollectionViewCell.swift */ = {isa = PBXFileReference; lastKnownFileType = sourcecode.swift; path = FavoritesCollectionViewCell.swift; sourceTree = "<group>"; };
		629DF07B256BB8A10008E580 /* FavoritesViewModel.swift */ = {isa = PBXFileReference; lastKnownFileType = sourcecode.swift; path = FavoritesViewModel.swift; sourceTree = "<group>"; };
		629DF080256BB8AB0008E580 /* FavoritesModel.swift */ = {isa = PBXFileReference; lastKnownFileType = sourcecode.swift; path = FavoritesModel.swift; sourceTree = "<group>"; };
		62C6521125691DB600A3D54A /* GiphySearch.app */ = {isa = PBXFileReference; explicitFileType = wrapper.application; includeInIndex = 0; path = GiphySearch.app; sourceTree = BUILT_PRODUCTS_DIR; };
		62C6521425691DB600A3D54A /* AppDelegate.swift */ = {isa = PBXFileReference; lastKnownFileType = sourcecode.swift; path = AppDelegate.swift; sourceTree = "<group>"; };
		62C6521625691DB600A3D54A /* SceneDelegate.swift */ = {isa = PBXFileReference; lastKnownFileType = sourcecode.swift; path = SceneDelegate.swift; sourceTree = "<group>"; };
		62C6521B25691DB600A3D54A /* Base */ = {isa = PBXFileReference; lastKnownFileType = file.storyboard; name = Base; path = Base.lproj/Main.storyboard; sourceTree = "<group>"; };
		62C6521D25691DB800A3D54A /* Assets.xcassets */ = {isa = PBXFileReference; lastKnownFileType = folder.assetcatalog; path = Assets.xcassets; sourceTree = "<group>"; };
		62C6522025691DB800A3D54A /* Base */ = {isa = PBXFileReference; lastKnownFileType = file.storyboard; name = Base; path = Base.lproj/LaunchScreen.storyboard; sourceTree = "<group>"; };
		62C6522225691DB800A3D54A /* Info.plist */ = {isa = PBXFileReference; lastKnownFileType = text.plist.xml; path = Info.plist; sourceTree = "<group>"; };
		62C6522725691DB800A3D54A /* GiphySearchTests.xctest */ = {isa = PBXFileReference; explicitFileType = wrapper.cfbundle; includeInIndex = 0; path = GiphySearchTests.xctest; sourceTree = BUILT_PRODUCTS_DIR; };
		62C6522B25691DB800A3D54A /* GiphySearchTests.swift */ = {isa = PBXFileReference; lastKnownFileType = sourcecode.swift; path = GiphySearchTests.swift; sourceTree = "<group>"; };
		62C6522D25691DB800A3D54A /* Info.plist */ = {isa = PBXFileReference; lastKnownFileType = text.plist.xml; path = Info.plist; sourceTree = "<group>"; };
		62C6523225691DB800A3D54A /* GiphySearchUITests.xctest */ = {isa = PBXFileReference; explicitFileType = wrapper.cfbundle; includeInIndex = 0; path = GiphySearchUITests.xctest; sourceTree = BUILT_PRODUCTS_DIR; };
		62C6523625691DB800A3D54A /* GiphySearchUITests.swift */ = {isa = PBXFileReference; lastKnownFileType = sourcecode.swift; path = GiphySearchUITests.swift; sourceTree = "<group>"; };
		62C6523825691DB800A3D54A /* Info.plist */ = {isa = PBXFileReference; lastKnownFileType = text.plist.xml; path = Info.plist; sourceTree = "<group>"; };
		62C6526825692F0200A3D54A /* ImagesTableViewCell.swift */ = {isa = PBXFileReference; lastKnownFileType = sourcecode.swift; path = ImagesTableViewCell.swift; sourceTree = "<group>"; };
		62C6527A2569303900A3D54A /* ImagesViewController.swift */ = {isa = PBXFileReference; lastKnownFileType = sourcecode.swift; path = ImagesViewController.swift; sourceTree = "<group>"; };
		62C652832569348400A3D54A /* Fixed_width_downsampled.swift */ = {isa = PBXFileReference; fileEncoding = 4; lastKnownFileType = sourcecode.swift; path = Fixed_width_downsampled.swift; sourceTree = "<group>"; };
		62C652842569348500A3D54A /* Looping.swift */ = {isa = PBXFileReference; fileEncoding = 4; lastKnownFileType = sourcecode.swift; path = Looping.swift; sourceTree = "<group>"; };
		62C652852569348500A3D54A /* Downsized_still.swift */ = {isa = PBXFileReference; fileEncoding = 4; lastKnownFileType = sourcecode.swift; path = Downsized_still.swift; sourceTree = "<group>"; };
		62C652862569348500A3D54A /* JSONCompatible.swift */ = {isa = PBXFileReference; fileEncoding = 4; lastKnownFileType = sourcecode.swift; path = JSONCompatible.swift; sourceTree = "<group>"; };
		62C652872569348500A3D54A /* Fixed_width_still.swift */ = {isa = PBXFileReference; fileEncoding = 4; lastKnownFileType = sourcecode.swift; path = Fixed_width_still.swift; sourceTree = "<group>"; };
		62C652882569348600A3D54A /* Onsent.swift */ = {isa = PBXFileReference; fileEncoding = 4; lastKnownFileType = sourcecode.swift; path = Onsent.swift; sourceTree = "<group>"; };
		62C652892569348600A3D54A /* Original_mp4.swift */ = {isa = PBXFileReference; fileEncoding = 4; lastKnownFileType = sourcecode.swift; path = Original_mp4.swift; sourceTree = "<group>"; };
		62C6528A2569348600A3D54A /* Fixed_width_small_still.swift */ = {isa = PBXFileReference; fileEncoding = 4; lastKnownFileType = sourcecode.swift; path = Fixed_width_small_still.swift; sourceTree = "<group>"; };
		62C6528B2569348600A3D54A /* Downsized_medium.swift */ = {isa = PBXFileReference; fileEncoding = 4; lastKnownFileType = sourcecode.swift; path = Downsized_medium.swift; sourceTree = "<group>"; };
		62C6528C2569348700A3D54A /* Fixed_width_small.swift */ = {isa = PBXFileReference; fileEncoding = 4; lastKnownFileType = sourcecode.swift; path = Fixed_width_small.swift; sourceTree = "<group>"; };
		62C6528D2569348700A3D54A /* Onload.swift */ = {isa = PBXFileReference; fileEncoding = 4; lastKnownFileType = sourcecode.swift; path = Onload.swift; sourceTree = "<group>"; };
		62C6528E2569348700A3D54A /* W480_still.swift */ = {isa = PBXFileReference; fileEncoding = 4; lastKnownFileType = sourcecode.swift; path = W480_still.swift; sourceTree = "<group>"; };
		62C6528F2569348700A3D54A /* Downsized_small.swift */ = {isa = PBXFileReference; fileEncoding = 4; lastKnownFileType = sourcecode.swift; path = Downsized_small.swift; sourceTree = "<group>"; };
		62C652902569348800A3D54A /* Fixed_height.swift */ = {isa = PBXFileReference; fileEncoding = 4; lastKnownFileType = sourcecode.swift; path = Fixed_height.swift; sourceTree = "<group>"; };
		62C652912569348800A3D54A /* Fixed_height_still.swift */ = {isa = PBXFileReference; fileEncoding = 4; lastKnownFileType = sourcecode.swift; path = Fixed_height_still.swift; sourceTree = "<group>"; };
		62C652922569348800A3D54A /* Original_still.swift */ = {isa = PBXFileReference; fileEncoding = 4; lastKnownFileType = sourcecode.swift; path = Original_still.swift; sourceTree = "<group>"; };
		62C652932569348800A3D54A /* GiphyResponse.swift */ = {isa = PBXFileReference; fileEncoding = 4; lastKnownFileType = sourcecode.swift; path = GiphyResponse.swift; sourceTree = "<group>"; };
		62C652942569348800A3D54A /* Pagination.swift */ = {isa = PBXFileReference; fileEncoding = 4; lastKnownFileType = sourcecode.swift; path = Pagination.swift; sourceTree = "<group>"; };
		62C652952569348900A3D54A /* Fixed_height_downsampled.swift */ = {isa = PBXFileReference; fileEncoding = 4; lastKnownFileType = sourcecode.swift; path = Fixed_height_downsampled.swift; sourceTree = "<group>"; };
		62C652962569348900A3D54A /* Preview.swift */ = {isa = PBXFileReference; fileEncoding = 4; lastKnownFileType = sourcecode.swift; path = Preview.swift; sourceTree = "<group>"; };
		62C652972569348900A3D54A /* Images.swift */ = {isa = PBXFileReference; fileEncoding = 4; lastKnownFileType = sourcecode.swift; path = Images.swift; sourceTree = "<group>"; };
		62C652982569348900A3D54A /* DataItem.swift */ = {isa = PBXFileReference; fileEncoding = 4; lastKnownFileType = sourcecode.swift; path = DataItem.swift; sourceTree = "<group>"; };
		62C652992569348A00A3D54A /* Onclick.swift */ = {isa = PBXFileReference; fileEncoding = 4; lastKnownFileType = sourcecode.swift; path = Onclick.swift; sourceTree = "<group>"; };
		62C6529A2569348A00A3D54A /* Downsized.swift */ = {isa = PBXFileReference; fileEncoding = 4; lastKnownFileType = sourcecode.swift; path = Downsized.swift; sourceTree = "<group>"; };
		62C6529B2569348A00A3D54A /* Meta.swift */ = {isa = PBXFileReference; fileEncoding = 4; lastKnownFileType = sourcecode.swift; path = Meta.swift; sourceTree = "<group>"; };
		62C6529C2569348A00A3D54A /* Fixed_width.swift */ = {isa = PBXFileReference; fileEncoding = 4; lastKnownFileType = sourcecode.swift; path = Fixed_width.swift; sourceTree = "<group>"; };
		62C6529D2569348B00A3D54A /* Preview_gif.swift */ = {isa = PBXFileReference; fileEncoding = 4; lastKnownFileType = sourcecode.swift; path = Preview_gif.swift; sourceTree = "<group>"; };
		62C6529E2569348B00A3D54A /* Preview_webp.swift */ = {isa = PBXFileReference; fileEncoding = 4; lastKnownFileType = sourcecode.swift; path = Preview_webp.swift; sourceTree = "<group>"; };
		62C6529F2569348B00A3D54A /* Downsized_large.swift */ = {isa = PBXFileReference; fileEncoding = 4; lastKnownFileType = sourcecode.swift; path = Downsized_large.swift; sourceTree = "<group>"; };
		62C652A02569348B00A3D54A /* Fixed_height_small_still.swift */ = {isa = PBXFileReference; fileEncoding = 4; lastKnownFileType = sourcecode.swift; path = Fixed_height_small_still.swift; sourceTree = "<group>"; };
		62C652A12569348B00A3D54A /* Original.swift */ = {isa = PBXFileReference; fileEncoding = 4; lastKnownFileType = sourcecode.swift; path = Original.swift; sourceTree = "<group>"; };
		62C652A22569348C00A3D54A /* Analytics.swift */ = {isa = PBXFileReference; fileEncoding = 4; lastKnownFileType = sourcecode.swift; path = Analytics.swift; sourceTree = "<group>"; };
		62C652A32569348C00A3D54A /* Fixed_height_small.swift */ = {isa = PBXFileReference; fileEncoding = 4; lastKnownFileType = sourcecode.swift; path = Fixed_height_small.swift; sourceTree = "<group>"; };
		62C652CB2569361B00A3D54A /* ImagesViewControllerDataSource.swift */ = {isa = PBXFileReference; lastKnownFileType = sourcecode.swift; path = ImagesViewControllerDataSource.swift; sourceTree = "<group>"; };
		62C652D02569376600A3D54A /* Constants.swift */ = {isa = PBXFileReference; lastKnownFileType = sourcecode.swift; path = Constants.swift; sourceTree = "<group>"; };
		62C652D6256957D400A3D54A /* NSManagedObjectContext+Extensions.swift */ = {isa = PBXFileReference; fileEncoding = 4; lastKnownFileType = sourcecode.swift; path = "NSManagedObjectContext+Extensions.swift"; sourceTree = "<group>"; };
		62C652D7256957D400A3D54A /* CoreDataManager.swift */ = {isa = PBXFileReference; fileEncoding = 4; lastKnownFileType = sourcecode.swift; path = CoreDataManager.swift; sourceTree = "<group>"; };
		62C652DA256957D400A3D54A /* CoreDataStorage.xcdatamodel */ = {isa = PBXFileReference; lastKnownFileType = wrapper.xcdatamodel; path = CoreDataStorage.xcdatamodel; sourceTree = "<group>"; };
		62C652DB256957D400A3D54A /* CoreDataModel.swift */ = {isa = PBXFileReference; fileEncoding = 4; lastKnownFileType = sourcecode.swift; path = CoreDataModel.swift; sourceTree = "<group>"; };
		62C652DC256957D400A3D54A /* CoreDataStorage.swift */ = {isa = PBXFileReference; fileEncoding = 4; lastKnownFileType = sourcecode.swift; path = CoreDataStorage.swift; sourceTree = "<group>"; };
		62C652DD256957D400A3D54A /* CoreDataStack.swift */ = {isa = PBXFileReference; fileEncoding = 4; lastKnownFileType = sourcecode.swift; path = CoreDataStack.swift; sourceTree = "<group>"; };
		62C652ED256957D400A3D54A /* HTTPRequest.swift */ = {isa = PBXFileReference; fileEncoding = 4; lastKnownFileType = sourcecode.swift; path = HTTPRequest.swift; sourceTree = "<group>"; };
		62C6530A2569586F00A3D54A /* Utilities.swift */ = {isa = PBXFileReference; lastKnownFileType = sourcecode.swift; path = Utilities.swift; sourceTree = "<group>"; };
		62C6530F2569592200A3D54A /* FavoritesImages+CoreDataClass.swift */ = {isa = PBXFileReference; lastKnownFileType = sourcecode.swift; name = "FavoritesImages+CoreDataClass.swift"; path = "GiphySearch/CoreData/FavoritesImages+CoreDataClass.swift"; sourceTree = SOURCE_ROOT; };
		62C653102569592200A3D54A /* FavoritesImages+CoreDataProperties.swift */ = {isa = PBXFileReference; lastKnownFileType = sourcecode.swift; name = "FavoritesImages+CoreDataProperties.swift"; path = "GiphySearch/CoreData/FavoritesImages+CoreDataProperties.swift"; sourceTree = SOURCE_ROOT; };
		62C6531D25695B0100A3D54A /* CoreDataStackProvider.swift */ = {isa = PBXFileReference; fileEncoding = 4; lastKnownFileType = sourcecode.swift; path = CoreDataStackProvider.swift; sourceTree = "<group>"; };
		62C6532225695CFD00A3D54A /* ImagesViewModel.swift */ = {isa = PBXFileReference; lastKnownFileType = sourcecode.swift; path = ImagesViewModel.swift; sourceTree = "<group>"; };
		62C6532725695D7300A3D54A /* ImagesModel.swift */ = {isa = PBXFileReference; lastKnownFileType = sourcecode.swift; path = ImagesModel.swift; sourceTree = "<group>"; };
		62C65343256976A300A3D54A /* ImagesViewControllerDelegate.swift */ = {isa = PBXFileReference; lastKnownFileType = sourcecode.swift; path = ImagesViewControllerDelegate.swift; sourceTree = "<group>"; };
		62C653482569771100A3D54A /* BaseViewController.swift */ = {isa = PBXFileReference; lastKnownFileType = sourcecode.swift; path = BaseViewController.swift; sourceTree = "<group>"; };
		62D56AB7256C0C9E00F222C2 /* FavoritesViewControllerDataSource.swift */ = {isa = PBXFileReference; lastKnownFileType = sourcecode.swift; path = FavoritesViewControllerDataSource.swift; sourceTree = "<group>"; };
		62D56ABC256C0CAD00F222C2 /* FavoritesViewControllerFlowLayout.swift */ = {isa = PBXFileReference; lastKnownFileType = sourcecode.swift; path = FavoritesViewControllerFlowLayout.swift; sourceTree = "<group>"; };
		7434BC29540ADA5292D64AC2 /* Pods-GiphySearch-GiphySearchUITests.release.xcconfig */ = {isa = PBXFileReference; includeInIndex = 1; lastKnownFileType = text.xcconfig; name = "Pods-GiphySearch-GiphySearchUITests.release.xcconfig"; path = "Target Support Files/Pods-GiphySearch-GiphySearchUITests/Pods-GiphySearch-GiphySearchUITests.release.xcconfig"; sourceTree = "<group>"; };
		74C1CE5D78C1169891D38FA6 /* Pods-GiphySearchTests.release.xcconfig */ = {isa = PBXFileReference; includeInIndex = 1; lastKnownFileType = text.xcconfig; name = "Pods-GiphySearchTests.release.xcconfig"; path = "Target Support Files/Pods-GiphySearchTests/Pods-GiphySearchTests.release.xcconfig"; sourceTree = "<group>"; };
		9B161BC0098645C398375291 /* Pods-GiphySearchTests.debug.xcconfig */ = {isa = PBXFileReference; includeInIndex = 1; lastKnownFileType = text.xcconfig; name = "Pods-GiphySearchTests.debug.xcconfig"; path = "Target Support Files/Pods-GiphySearchTests/Pods-GiphySearchTests.debug.xcconfig"; sourceTree = "<group>"; };
		B526D501156AF79E8ACC55CB /* Pods_GiphySearchTests.framework */ = {isa = PBXFileReference; explicitFileType = wrapper.framework; includeInIndex = 0; path = Pods_GiphySearchTests.framework; sourceTree = BUILT_PRODUCTS_DIR; };
		CC1DD465A60BC7C6FDB06573 /* Pods-GiphySearch.debug.xcconfig */ = {isa = PBXFileReference; includeInIndex = 1; lastKnownFileType = text.xcconfig; name = "Pods-GiphySearch.debug.xcconfig"; path = "Target Support Files/Pods-GiphySearch/Pods-GiphySearch.debug.xcconfig"; sourceTree = "<group>"; };
		E95F34DE6E1154397775F782 /* Pods-GiphySearch-GiphySearchUITests.debug.xcconfig */ = {isa = PBXFileReference; includeInIndex = 1; lastKnownFileType = text.xcconfig; name = "Pods-GiphySearch-GiphySearchUITests.debug.xcconfig"; path = "Target Support Files/Pods-GiphySearch-GiphySearchUITests/Pods-GiphySearch-GiphySearchUITests.debug.xcconfig"; sourceTree = "<group>"; };
/* End PBXFileReference section */

/* Begin PBXFrameworksBuildPhase section */
		62C6520E25691DB600A3D54A /* Frameworks */ = {
			isa = PBXFrameworksBuildPhase;
			buildActionMask = 2147483647;
			files = (
				5A6BBB470DED29A2226FE1E6 /* Pods_GiphySearch.framework in Frameworks */,
			);
			runOnlyForDeploymentPostprocessing = 0;
		};
		62C6522425691DB800A3D54A /* Frameworks */ = {
			isa = PBXFrameworksBuildPhase;
			buildActionMask = 2147483647;
			files = (
				93E2D7566D818F2979A10CAF /* Pods_GiphySearchTests.framework in Frameworks */,
			);
			runOnlyForDeploymentPostprocessing = 0;
		};
		62C6522F25691DB800A3D54A /* Frameworks */ = {
			isa = PBXFrameworksBuildPhase;
			buildActionMask = 2147483647;
			files = (
				CC76404731567BB102EF51B3 /* Pods_GiphySearch_GiphySearchUITests.framework in Frameworks */,
			);
			runOnlyForDeploymentPostprocessing = 0;
		};
/* End PBXFrameworksBuildPhase section */

/* Begin PBXGroup section */
		5D1AB3ECEBF6128B13E4DD8A /* Frameworks */ = {
			isa = PBXGroup;
			children = (
				063350893CD25AFD1F01C570 /* Pods_GiphySearch.framework */,
				0E24D5DF273F581977FB1D91 /* Pods_GiphySearch_GiphySearchUITests.framework */,
				B526D501156AF79E8ACC55CB /* Pods_GiphySearchTests.framework */,
			);
			name = Frameworks;
			sourceTree = "<group>";
		};
		629DF066256BB77E0008E580 /* FavoritesView */ = {
			isa = PBXGroup;
			children = (
				629DF085256BB8B00008E580 /* Model */,
				629DF086256BB8B70008E580 /* ViewModel */,
				629DF067256BB7920008E580 /* FavoritesViewController.swift */,
				62D56AB7256C0C9E00F222C2 /* FavoritesViewControllerDataSource.swift */,
				62D56ABC256C0CAD00F222C2 /* FavoritesViewControllerFlowLayout.swift */,
				629DF076256BB7A40008E580 /* FavoritesCollectionViewCell.swift */,
			);
			path = FavoritesView;
			sourceTree = "<group>";
		};
		629DF085256BB8B00008E580 /* Model */ = {
			isa = PBXGroup;
			children = (
				629DF080256BB8AB0008E580 /* FavoritesModel.swift */,
			);
			path = Model;
			sourceTree = "<group>";
		};
		629DF086256BB8B70008E580 /* ViewModel */ = {
			isa = PBXGroup;
			children = (
				629DF07B256BB8A10008E580 /* FavoritesViewModel.swift */,
			);
			path = ViewModel;
			sourceTree = "<group>";
		};
		62C6520825691DB600A3D54A = {
			isa = PBXGroup;
			children = (
				62C6521325691DB600A3D54A /* GiphySearch */,
				62C6522A25691DB800A3D54A /* GiphySearchTests */,
				62C6523525691DB800A3D54A /* GiphySearchUITests */,
				62C6521225691DB600A3D54A /* Products */,
				F225EA6C74EC84D8BDACF0BD /* Pods */,
				5D1AB3ECEBF6128B13E4DD8A /* Frameworks */,
			);
			sourceTree = "<group>";
		};
		62C6521225691DB600A3D54A /* Products */ = {
			isa = PBXGroup;
			children = (
				62C6521125691DB600A3D54A /* GiphySearch.app */,
				62C6522725691DB800A3D54A /* GiphySearchTests.xctest */,
				62C6523225691DB800A3D54A /* GiphySearchUITests.xctest */,
			);
			name = Products;
			sourceTree = "<group>";
		};
		62C6521325691DB600A3D54A /* GiphySearch */ = {
			isa = PBXGroup;
			children = (
				629DF066256BB77E0008E580 /* FavoritesView */,
				62C6534D2569785400A3D54A /* SearchView */,
				62C652D5256957D400A3D54A /* CoreData */,
				62C652EC256957D400A3D54A /* Request */,
				62C652822569347800A3D54A /* ModelResponse */,
				62C6521425691DB600A3D54A /* AppDelegate.swift */,
				62C6521625691DB600A3D54A /* SceneDelegate.swift */,
				62C653482569771100A3D54A /* BaseViewController.swift */,
				62C652D02569376600A3D54A /* Constants.swift */,
				62C6530A2569586F00A3D54A /* Utilities.swift */,
				62C6521A25691DB600A3D54A /* Main.storyboard */,
				62C6521D25691DB800A3D54A /* Assets.xcassets */,
				62C6521F25691DB800A3D54A /* LaunchScreen.storyboard */,
				62C6522225691DB800A3D54A /* Info.plist */,
			);
			path = GiphySearch;
			sourceTree = "<group>";
		};
		62C6522A25691DB800A3D54A /* GiphySearchTests */ = {
			isa = PBXGroup;
			children = (
				62C6522B25691DB800A3D54A /* GiphySearchTests.swift */,
				62C6522D25691DB800A3D54A /* Info.plist */,
			);
			path = GiphySearchTests;
			sourceTree = "<group>";
		};
		62C6523525691DB800A3D54A /* GiphySearchUITests */ = {
			isa = PBXGroup;
			children = (
				62C6523625691DB800A3D54A /* GiphySearchUITests.swift */,
				62C6523825691DB800A3D54A /* Info.plist */,
			);
			path = GiphySearchUITests;
			sourceTree = "<group>";
		};
		62C652822569347800A3D54A /* ModelResponse */ = {
			isa = PBXGroup;
			children = (
				62C6528E2569348700A3D54A /* W480_still.swift */,
				62C652A22569348C00A3D54A /* Analytics.swift */,
				62C652982569348900A3D54A /* DataItem.swift */,
				62C6529F2569348B00A3D54A /* Downsized_large.swift */,
				62C6528B2569348600A3D54A /* Downsized_medium.swift */,
				62C6528F2569348700A3D54A /* Downsized_small.swift */,
				62C652852569348500A3D54A /* Downsized_still.swift */,
				62C6529A2569348A00A3D54A /* Downsized.swift */,
				62C652952569348900A3D54A /* Fixed_height_downsampled.swift */,
				62C652A02569348B00A3D54A /* Fixed_height_small_still.swift */,
				62C652A32569348C00A3D54A /* Fixed_height_small.swift */,
				62C652912569348800A3D54A /* Fixed_height_still.swift */,
				62C652902569348800A3D54A /* Fixed_height.swift */,
				62C652832569348400A3D54A /* Fixed_width_downsampled.swift */,
				62C6528A2569348600A3D54A /* Fixed_width_small_still.swift */,
				62C6528C2569348700A3D54A /* Fixed_width_small.swift */,
				62C652872569348500A3D54A /* Fixed_width_still.swift */,
				62C6529C2569348A00A3D54A /* Fixed_width.swift */,
				62C652932569348800A3D54A /* GiphyResponse.swift */,
				62C652972569348900A3D54A /* Images.swift */,
				62C652862569348500A3D54A /* JSONCompatible.swift */,
				62C652842569348500A3D54A /* Looping.swift */,
				62C6529B2569348A00A3D54A /* Meta.swift */,
				62C652992569348A00A3D54A /* Onclick.swift */,
				62C6528D2569348700A3D54A /* Onload.swift */,
				62C652882569348600A3D54A /* Onsent.swift */,
				62C652892569348600A3D54A /* Original_mp4.swift */,
				62C652922569348800A3D54A /* Original_still.swift */,
				62C652A12569348B00A3D54A /* Original.swift */,
				62C652942569348800A3D54A /* Pagination.swift */,
				62C6529D2569348B00A3D54A /* Preview_gif.swift */,
				62C6529E2569348B00A3D54A /* Preview_webp.swift */,
				62C652962569348900A3D54A /* Preview.swift */,
			);
			path = ModelResponse;
			sourceTree = "<group>";
		};
		62C652D5256957D400A3D54A /* CoreData */ = {
			isa = PBXGroup;
			children = (
				62C6531925695AA400A3D54A /* Manager */,
				62C6530F2569592200A3D54A /* FavoritesImages+CoreDataClass.swift */,
				62C653102569592200A3D54A /* FavoritesImages+CoreDataProperties.swift */,
				62C652D9256957D400A3D54A /* CoreDataStorage.xcdatamodeld */,
			);
			path = CoreData;
			sourceTree = "<group>";
		};
		62C652EC256957D400A3D54A /* Request */ = {
			isa = PBXGroup;
			children = (
				62C652ED256957D400A3D54A /* HTTPRequest.swift */,
			);
			path = Request;
			sourceTree = "<group>";
		};
		62C6531925695AA400A3D54A /* Manager */ = {
			isa = PBXGroup;
			children = (
				62C652D6256957D400A3D54A /* NSManagedObjectContext+Extensions.swift */,
				62C652D7256957D400A3D54A /* CoreDataManager.swift */,
				62C652DB256957D400A3D54A /* CoreDataModel.swift */,
				62C652DC256957D400A3D54A /* CoreDataStorage.swift */,
				62C6531D25695B0100A3D54A /* CoreDataStackProvider.swift */,
				62C652DD256957D400A3D54A /* CoreDataStack.swift */,
			);
			path = Manager;
			sourceTree = "<group>";
		};
		62C6534D2569785400A3D54A /* SearchView */ = {
			isa = PBXGroup;
			children = (
				62C6534F2569786C00A3D54A /* Model */,
				62C6534E2569786500A3D54A /* ViewModel */,
				62C6527A2569303900A3D54A /* ImagesViewController.swift */,
				62C652CB2569361B00A3D54A /* ImagesViewControllerDataSource.swift */,
				62C65343256976A300A3D54A /* ImagesViewControllerDelegate.swift */,
				62C6526825692F0200A3D54A /* ImagesTableViewCell.swift */,
			);
			path = SearchView;
			sourceTree = "<group>";
		};
		62C6534E2569786500A3D54A /* ViewModel */ = {
			isa = PBXGroup;
			children = (
				62C6532225695CFD00A3D54A /* ImagesViewModel.swift */,
			);
			path = ViewModel;
			sourceTree = "<group>";
		};
		62C6534F2569786C00A3D54A /* Model */ = {
			isa = PBXGroup;
			children = (
				62C6532725695D7300A3D54A /* ImagesModel.swift */,
			);
			path = Model;
			sourceTree = "<group>";
		};
		F225EA6C74EC84D8BDACF0BD /* Pods */ = {
			isa = PBXGroup;
			children = (
				CC1DD465A60BC7C6FDB06573 /* Pods-GiphySearch.debug.xcconfig */,
				327AE510240030F17A747323 /* Pods-GiphySearch.release.xcconfig */,
				E95F34DE6E1154397775F782 /* Pods-GiphySearch-GiphySearchUITests.debug.xcconfig */,
				7434BC29540ADA5292D64AC2 /* Pods-GiphySearch-GiphySearchUITests.release.xcconfig */,
				9B161BC0098645C398375291 /* Pods-GiphySearchTests.debug.xcconfig */,
				74C1CE5D78C1169891D38FA6 /* Pods-GiphySearchTests.release.xcconfig */,
			);
			path = Pods;
			sourceTree = "<group>";
		};
/* End PBXGroup section */

/* Begin PBXNativeTarget section */
		62C6521025691DB600A3D54A /* GiphySearch */ = {
			isa = PBXNativeTarget;
			buildConfigurationList = 62C6523B25691DB800A3D54A /* Build configuration list for PBXNativeTarget "GiphySearch" */;
			buildPhases = (
				B324C4D8EC42A74753B74A77 /* [CP] Check Pods Manifest.lock */,
				62C6520D25691DB600A3D54A /* Sources */,
				62C6520E25691DB600A3D54A /* Frameworks */,
				62C6520F25691DB600A3D54A /* Resources */,
				73F7EB68787FFB32B2172356 /* [CP] Embed Pods Frameworks */,
			);
			buildRules = (
			);
			dependencies = (
			);
			name = GiphySearch;
			productName = GiphySearch;
			productReference = 62C6521125691DB600A3D54A /* GiphySearch.app */;
			productType = "com.apple.product-type.application";
		};
		62C6522625691DB800A3D54A /* GiphySearchTests */ = {
			isa = PBXNativeTarget;
			buildConfigurationList = 62C6523E25691DB800A3D54A /* Build configuration list for PBXNativeTarget "GiphySearchTests" */;
			buildPhases = (
				316B70F4E3F0EF1619D38F15 /* [CP] Check Pods Manifest.lock */,
				62C6522325691DB800A3D54A /* Sources */,
				62C6522425691DB800A3D54A /* Frameworks */,
				62C6522525691DB800A3D54A /* Resources */,
			);
			buildRules = (
			);
			dependencies = (
				62C6522925691DB800A3D54A /* PBXTargetDependency */,
			);
			name = GiphySearchTests;
			productName = GiphySearchTests;
			productReference = 62C6522725691DB800A3D54A /* GiphySearchTests.xctest */;
			productType = "com.apple.product-type.bundle.unit-test";
		};
		62C6523125691DB800A3D54A /* GiphySearchUITests */ = {
			isa = PBXNativeTarget;
			buildConfigurationList = 62C6524125691DB800A3D54A /* Build configuration list for PBXNativeTarget "GiphySearchUITests" */;
			buildPhases = (
				6F6262FF31866B32D18979B7 /* [CP] Check Pods Manifest.lock */,
				62C6522E25691DB800A3D54A /* Sources */,
				62C6522F25691DB800A3D54A /* Frameworks */,
				62C6523025691DB800A3D54A /* Resources */,
				EBBCE7240B3DD5C0848413EE /* [CP] Embed Pods Frameworks */,
			);
			buildRules = (
			);
			dependencies = (
				62C6523425691DB800A3D54A /* PBXTargetDependency */,
			);
			name = GiphySearchUITests;
			productName = GiphySearchUITests;
			productReference = 62C6523225691DB800A3D54A /* GiphySearchUITests.xctest */;
			productType = "com.apple.product-type.bundle.ui-testing";
		};
/* End PBXNativeTarget section */

/* Begin PBXProject section */
		62C6520925691DB600A3D54A /* Project object */ = {
			isa = PBXProject;
			attributes = {
				LastSwiftUpdateCheck = 1220;
				LastUpgradeCheck = 1220;
				TargetAttributes = {
					62C6521025691DB600A3D54A = {
						CreatedOnToolsVersion = 12.2;
					};
					62C6522625691DB800A3D54A = {
						CreatedOnToolsVersion = 12.2;
						TestTargetID = 62C6521025691DB600A3D54A;
					};
					62C6523125691DB800A3D54A = {
						CreatedOnToolsVersion = 12.2;
						TestTargetID = 62C6521025691DB600A3D54A;
					};
				};
			};
			buildConfigurationList = 62C6520C25691DB600A3D54A /* Build configuration list for PBXProject "GiphySearch" */;
			compatibilityVersion = "Xcode 9.3";
			developmentRegion = en;
			hasScannedForEncodings = 0;
			knownRegions = (
				en,
				Base,
			);
			mainGroup = 62C6520825691DB600A3D54A;
			productRefGroup = 62C6521225691DB600A3D54A /* Products */;
			projectDirPath = "";
			projectRoot = "";
			targets = (
				62C6521025691DB600A3D54A /* GiphySearch */,
				62C6522625691DB800A3D54A /* GiphySearchTests */,
				62C6523125691DB800A3D54A /* GiphySearchUITests */,
			);
		};
/* End PBXProject section */

/* Begin PBXResourcesBuildPhase section */
		62C6520F25691DB600A3D54A /* Resources */ = {
			isa = PBXResourcesBuildPhase;
			buildActionMask = 2147483647;
			files = (
				62C6522125691DB800A3D54A /* LaunchScreen.storyboard in Resources */,
				62C6521E25691DB800A3D54A /* Assets.xcassets in Resources */,
				62C6521C25691DB600A3D54A /* Main.storyboard in Resources */,
			);
			runOnlyForDeploymentPostprocessing = 0;
		};
		62C6522525691DB800A3D54A /* Resources */ = {
			isa = PBXResourcesBuildPhase;
			buildActionMask = 2147483647;
			files = (
			);
			runOnlyForDeploymentPostprocessing = 0;
		};
		62C6523025691DB800A3D54A /* Resources */ = {
			isa = PBXResourcesBuildPhase;
			buildActionMask = 2147483647;
			files = (
			);
			runOnlyForDeploymentPostprocessing = 0;
		};
/* End PBXResourcesBuildPhase section */

/* Begin PBXShellScriptBuildPhase section */
		316B70F4E3F0EF1619D38F15 /* [CP] Check Pods Manifest.lock */ = {
			isa = PBXShellScriptBuildPhase;
			buildActionMask = 2147483647;
			files = (
			);
			inputFileListPaths = (
			);
			inputPaths = (
				"${PODS_PODFILE_DIR_PATH}/Podfile.lock",
				"${PODS_ROOT}/Manifest.lock",
			);
			name = "[CP] Check Pods Manifest.lock";
			outputFileListPaths = (
			);
			outputPaths = (
				"$(DERIVED_FILE_DIR)/Pods-GiphySearchTests-checkManifestLockResult.txt",
			);
			runOnlyForDeploymentPostprocessing = 0;
			shellPath = /bin/sh;
			shellScript = "diff \"${PODS_PODFILE_DIR_PATH}/Podfile.lock\" \"${PODS_ROOT}/Manifest.lock\" > /dev/null\nif [ $? != 0 ] ; then\n    # print error to STDERR\n    echo \"error: The sandbox is not in sync with the Podfile.lock. Run 'pod install' or update your CocoaPods installation.\" >&2\n    exit 1\nfi\n# This output is used by Xcode 'outputs' to avoid re-running this script phase.\necho \"SUCCESS\" > \"${SCRIPT_OUTPUT_FILE_0}\"\n";
			showEnvVarsInLog = 0;
		};
		6F6262FF31866B32D18979B7 /* [CP] Check Pods Manifest.lock */ = {
			isa = PBXShellScriptBuildPhase;
			buildActionMask = 2147483647;
			files = (
			);
			inputFileListPaths = (
			);
			inputPaths = (
				"${PODS_PODFILE_DIR_PATH}/Podfile.lock",
				"${PODS_ROOT}/Manifest.lock",
			);
			name = "[CP] Check Pods Manifest.lock";
			outputFileListPaths = (
			);
			outputPaths = (
				"$(DERIVED_FILE_DIR)/Pods-GiphySearch-GiphySearchUITests-checkManifestLockResult.txt",
			);
			runOnlyForDeploymentPostprocessing = 0;
			shellPath = /bin/sh;
			shellScript = "diff \"${PODS_PODFILE_DIR_PATH}/Podfile.lock\" \"${PODS_ROOT}/Manifest.lock\" > /dev/null\nif [ $? != 0 ] ; then\n    # print error to STDERR\n    echo \"error: The sandbox is not in sync with the Podfile.lock. Run 'pod install' or update your CocoaPods installation.\" >&2\n    exit 1\nfi\n# This output is used by Xcode 'outputs' to avoid re-running this script phase.\necho \"SUCCESS\" > \"${SCRIPT_OUTPUT_FILE_0}\"\n";
			showEnvVarsInLog = 0;
		};
		73F7EB68787FFB32B2172356 /* [CP] Embed Pods Frameworks */ = {
			isa = PBXShellScriptBuildPhase;
			buildActionMask = 2147483647;
			files = (
			);
			inputFileListPaths = (
				"${PODS_ROOT}/Target Support Files/Pods-GiphySearch/Pods-GiphySearch-frameworks-${CONFIGURATION}-input-files.xcfilelist",
			);
			name = "[CP] Embed Pods Frameworks";
			outputFileListPaths = (
				"${PODS_ROOT}/Target Support Files/Pods-GiphySearch/Pods-GiphySearch-frameworks-${CONFIGURATION}-output-files.xcfilelist",
			);
			runOnlyForDeploymentPostprocessing = 0;
			shellPath = /bin/sh;
			shellScript = "\"${PODS_ROOT}/Target Support Files/Pods-GiphySearch/Pods-GiphySearch-frameworks.sh\"\n";
			showEnvVarsInLog = 0;
		};
		B324C4D8EC42A74753B74A77 /* [CP] Check Pods Manifest.lock */ = {
			isa = PBXShellScriptBuildPhase;
			buildActionMask = 2147483647;
			files = (
			);
			inputFileListPaths = (
			);
			inputPaths = (
				"${PODS_PODFILE_DIR_PATH}/Podfile.lock",
				"${PODS_ROOT}/Manifest.lock",
			);
			name = "[CP] Check Pods Manifest.lock";
			outputFileListPaths = (
			);
			outputPaths = (
				"$(DERIVED_FILE_DIR)/Pods-GiphySearch-checkManifestLockResult.txt",
			);
			runOnlyForDeploymentPostprocessing = 0;
			shellPath = /bin/sh;
			shellScript = "diff \"${PODS_PODFILE_DIR_PATH}/Podfile.lock\" \"${PODS_ROOT}/Manifest.lock\" > /dev/null\nif [ $? != 0 ] ; then\n    # print error to STDERR\n    echo \"error: The sandbox is not in sync with the Podfile.lock. Run 'pod install' or update your CocoaPods installation.\" >&2\n    exit 1\nfi\n# This output is used by Xcode 'outputs' to avoid re-running this script phase.\necho \"SUCCESS\" > \"${SCRIPT_OUTPUT_FILE_0}\"\n";
			showEnvVarsInLog = 0;
		};
		EBBCE7240B3DD5C0848413EE /* [CP] Embed Pods Frameworks */ = {
			isa = PBXShellScriptBuildPhase;
			buildActionMask = 2147483647;
			files = (
			);
			inputFileListPaths = (
				"${PODS_ROOT}/Target Support Files/Pods-GiphySearch-GiphySearchUITests/Pods-GiphySearch-GiphySearchUITests-frameworks-${CONFIGURATION}-input-files.xcfilelist",
			);
			name = "[CP] Embed Pods Frameworks";
			outputFileListPaths = (
				"${PODS_ROOT}/Target Support Files/Pods-GiphySearch-GiphySearchUITests/Pods-GiphySearch-GiphySearchUITests-frameworks-${CONFIGURATION}-output-files.xcfilelist",
			);
			runOnlyForDeploymentPostprocessing = 0;
			shellPath = /bin/sh;
			shellScript = "\"${PODS_ROOT}/Target Support Files/Pods-GiphySearch-GiphySearchUITests/Pods-GiphySearch-GiphySearchUITests-frameworks.sh\"\n";
			showEnvVarsInLog = 0;
		};
/* End PBXShellScriptBuildPhase section */

/* Begin PBXSourcesBuildPhase section */
		62C6520D25691DB600A3D54A /* Sources */ = {
			isa = PBXSourcesBuildPhase;
			buildActionMask = 2147483647;
			files = (
				62C652A52569348C00A3D54A /* Looping.swift in Sources */,
				62C652F4256957D500A3D54A /* CoreDataStack.swift in Sources */,
				62C65303256957D500A3D54A /* HTTPRequest.swift in Sources */,
				62C652A72569348C00A3D54A /* JSONCompatible.swift in Sources */,
				62C6527B2569303900A3D54A /* ImagesViewController.swift in Sources */,
				62D56AB8256C0C9E00F222C2 /* FavoritesViewControllerDataSource.swift in Sources */,
				62C653492569771100A3D54A /* BaseViewController.swift in Sources */,
				62C652B22569348C00A3D54A /* Fixed_height_still.swift in Sources */,
				62C6530B2569586F00A3D54A /* Utilities.swift in Sources */,
				62C652C22569348C00A3D54A /* Original.swift in Sources */,
				62C652B92569348C00A3D54A /* DataItem.swift in Sources */,
				62C6526925692F0200A3D54A /* ImagesTableViewCell.swift in Sources */,
				62C6531E25695B0100A3D54A /* CoreDataStackProvider.swift in Sources */,
				62C652A82569348C00A3D54A /* Fixed_width_still.swift in Sources */,
				62C652B12569348C00A3D54A /* Fixed_height.swift in Sources */,
				62C652B52569348C00A3D54A /* Pagination.swift in Sources */,
				62C653112569592200A3D54A /* FavoritesImages+CoreDataClass.swift in Sources */,
				62C652AF2569348C00A3D54A /* W480_still.swift in Sources */,
				62C6521525691DB600A3D54A /* AppDelegate.swift in Sources */,
				629DF07C256BB8A10008E580 /* FavoritesViewModel.swift in Sources */,
				62C652B72569348C00A3D54A /* Preview.swift in Sources */,
				62C652AB2569348C00A3D54A /* Fixed_width_small_still.swift in Sources */,
				62C65344256976A300A3D54A /* ImagesViewControllerDelegate.swift in Sources */,
				62C652BB2569348C00A3D54A /* Downsized.swift in Sources */,
				62C652C12569348C00A3D54A /* Fixed_height_small_still.swift in Sources */,
				62C652AE2569348C00A3D54A /* Onload.swift in Sources */,
				62C652B42569348C00A3D54A /* GiphyResponse.swift in Sources */,
				62C652AD2569348C00A3D54A /* Fixed_width_small.swift in Sources */,
				62C652BD2569348C00A3D54A /* Fixed_width.swift in Sources */,
				62C652F1256957D400A3D54A /* CoreDataStorage.xcdatamodeld in Sources */,
				629DF068256BB7920008E580 /* FavoritesViewController.swift in Sources */,
				62C652F2256957D500A3D54A /* CoreDataModel.swift in Sources */,
				62C652D12569376600A3D54A /* Constants.swift in Sources */,
				62D56ABD256C0CAD00F222C2 /* FavoritesViewControllerFlowLayout.swift in Sources */,
				62C652B62569348C00A3D54A /* Fixed_height_downsampled.swift in Sources */,
				62C652AA2569348C00A3D54A /* Original_mp4.swift in Sources */,
				62C652EF256957D400A3D54A /* CoreDataManager.swift in Sources */,
				62C6521725691DB600A3D54A /* SceneDelegate.swift in Sources */,
				62C652AC2569348C00A3D54A /* Downsized_medium.swift in Sources */,
				62C652BC2569348C00A3D54A /* Meta.swift in Sources */,
				62C652F3256957D500A3D54A /* CoreDataStorage.swift in Sources */,
				62C653122569592200A3D54A /* FavoritesImages+CoreDataProperties.swift in Sources */,
				62C652C42569348C00A3D54A /* Fixed_height_small.swift in Sources */,
				629DF081256BB8AB0008E580 /* FavoritesModel.swift in Sources */,
				62C652A62569348C00A3D54A /* Downsized_still.swift in Sources */,
				62C652C32569348C00A3D54A /* Analytics.swift in Sources */,
				629DF077256BB7A40008E580 /* FavoritesCollectionViewCell.swift in Sources */,
				62C652BA2569348C00A3D54A /* Onclick.swift in Sources */,
				62C652A92569348C00A3D54A /* Onsent.swift in Sources */,
				62C652C02569348C00A3D54A /* Downsized_large.swift in Sources */,
				62C6532325695CFD00A3D54A /* ImagesViewModel.swift in Sources */,
				62C652A42569348C00A3D54A /* Fixed_width_downsampled.swift in Sources */,
				62C652B82569348C00A3D54A /* Images.swift in Sources */,
				62C652BF2569348C00A3D54A /* Preview_webp.swift in Sources */,
				62C652BE2569348C00A3D54A /* Preview_gif.swift in Sources */,
				62C6532825695D7300A3D54A /* ImagesModel.swift in Sources */,
				62C652B02569348C00A3D54A /* Downsized_small.swift in Sources */,
				62C652B32569348C00A3D54A /* Original_still.swift in Sources */,
				62C652CC2569361B00A3D54A /* ImagesViewControllerDataSource.swift in Sources */,
				62C652EE256957D400A3D54A /* NSManagedObjectContext+Extensions.swift in Sources */,
			);
			runOnlyForDeploymentPostprocessing = 0;
		};
		62C6522325691DB800A3D54A /* Sources */ = {
			isa = PBXSourcesBuildPhase;
			buildActionMask = 2147483647;
			files = (
				62C6522C25691DB800A3D54A /* GiphySearchTests.swift in Sources */,
			);
			runOnlyForDeploymentPostprocessing = 0;
		};
		62C6522E25691DB800A3D54A /* Sources */ = {
			isa = PBXSourcesBuildPhase;
			buildActionMask = 2147483647;
			files = (
				62C6523725691DB800A3D54A /* GiphySearchUITests.swift in Sources */,
			);
			runOnlyForDeploymentPostprocessing = 0;
		};
/* End PBXSourcesBuildPhase section */

/* Begin PBXTargetDependency section */
		62C6522925691DB800A3D54A /* PBXTargetDependency */ = {
			isa = PBXTargetDependency;
			target = 62C6521025691DB600A3D54A /* GiphySearch */;
			targetProxy = 62C6522825691DB800A3D54A /* PBXContainerItemProxy */;
		};
		62C6523425691DB800A3D54A /* PBXTargetDependency */ = {
			isa = PBXTargetDependency;
			target = 62C6521025691DB600A3D54A /* GiphySearch */;
			targetProxy = 62C6523325691DB800A3D54A /* PBXContainerItemProxy */;
		};
/* End PBXTargetDependency section */

/* Begin PBXVariantGroup section */
		62C6521A25691DB600A3D54A /* Main.storyboard */ = {
			isa = PBXVariantGroup;
			children = (
				62C6521B25691DB600A3D54A /* Base */,
			);
			name = Main.storyboard;
			sourceTree = "<group>";
		};
		62C6521F25691DB800A3D54A /* LaunchScreen.storyboard */ = {
			isa = PBXVariantGroup;
			children = (
				62C6522025691DB800A3D54A /* Base */,
			);
			name = LaunchScreen.storyboard;
			sourceTree = "<group>";
		};
/* End PBXVariantGroup section */

/* Begin XCBuildConfiguration section */
		62C6523925691DB800A3D54A /* Debug */ = {
			isa = XCBuildConfiguration;
			buildSettings = {
				ALWAYS_SEARCH_USER_PATHS = NO;
				CLANG_ANALYZER_NONNULL = YES;
				CLANG_ANALYZER_NUMBER_OBJECT_CONVERSION = YES_AGGRESSIVE;
				CLANG_CXX_LANGUAGE_STANDARD = "gnu++14";
				CLANG_CXX_LIBRARY = "libc++";
				CLANG_ENABLE_MODULES = YES;
				CLANG_ENABLE_OBJC_ARC = YES;
				CLANG_ENABLE_OBJC_WEAK = YES;
				CLANG_WARN_BLOCK_CAPTURE_AUTORELEASING = YES;
				CLANG_WARN_BOOL_CONVERSION = YES;
				CLANG_WARN_COMMA = YES;
				CLANG_WARN_CONSTANT_CONVERSION = YES;
				CLANG_WARN_DEPRECATED_OBJC_IMPLEMENTATIONS = YES;
				CLANG_WARN_DIRECT_OBJC_ISA_USAGE = YES_ERROR;
				CLANG_WARN_DOCUMENTATION_COMMENTS = YES;
				CLANG_WARN_EMPTY_BODY = YES;
				CLANG_WARN_ENUM_CONVERSION = YES;
				CLANG_WARN_INFINITE_RECURSION = YES;
				CLANG_WARN_INT_CONVERSION = YES;
				CLANG_WARN_NON_LITERAL_NULL_CONVERSION = YES;
				CLANG_WARN_OBJC_IMPLICIT_RETAIN_SELF = YES;
				CLANG_WARN_OBJC_LITERAL_CONVERSION = YES;
				CLANG_WARN_OBJC_ROOT_CLASS = YES_ERROR;
				CLANG_WARN_QUOTED_INCLUDE_IN_FRAMEWORK_HEADER = YES;
				CLANG_WARN_RANGE_LOOP_ANALYSIS = YES;
				CLANG_WARN_STRICT_PROTOTYPES = YES;
				CLANG_WARN_SUSPICIOUS_MOVE = YES;
				CLANG_WARN_UNGUARDED_AVAILABILITY = YES_AGGRESSIVE;
				CLANG_WARN_UNREACHABLE_CODE = YES;
				CLANG_WARN__DUPLICATE_METHOD_MATCH = YES;
				COPY_PHASE_STRIP = NO;
				DEBUG_INFORMATION_FORMAT = dwarf;
				ENABLE_STRICT_OBJC_MSGSEND = YES;
				ENABLE_TESTABILITY = YES;
				GCC_C_LANGUAGE_STANDARD = gnu11;
				GCC_DYNAMIC_NO_PIC = NO;
				GCC_NO_COMMON_BLOCKS = YES;
				GCC_OPTIMIZATION_LEVEL = 0;
				GCC_PREPROCESSOR_DEFINITIONS = (
					"DEBUG=1",
					"$(inherited)",
				);
				GCC_WARN_64_TO_32_BIT_CONVERSION = YES;
				GCC_WARN_ABOUT_RETURN_TYPE = YES_ERROR;
				GCC_WARN_UNDECLARED_SELECTOR = YES;
				GCC_WARN_UNINITIALIZED_AUTOS = YES_AGGRESSIVE;
				GCC_WARN_UNUSED_FUNCTION = YES;
				GCC_WARN_UNUSED_VARIABLE = YES;
				IPHONEOS_DEPLOYMENT_TARGET = 14.2;
				MTL_ENABLE_DEBUG_INFO = INCLUDE_SOURCE;
				MTL_FAST_MATH = YES;
				ONLY_ACTIVE_ARCH = YES;
				SDKROOT = iphoneos;
				SWIFT_ACTIVE_COMPILATION_CONDITIONS = DEBUG;
				SWIFT_OPTIMIZATION_LEVEL = "-Onone";
			};
			name = Debug;
		};
		62C6523A25691DB800A3D54A /* Release */ = {
			isa = XCBuildConfiguration;
			buildSettings = {
				ALWAYS_SEARCH_USER_PATHS = NO;
				CLANG_ANALYZER_NONNULL = YES;
				CLANG_ANALYZER_NUMBER_OBJECT_CONVERSION = YES_AGGRESSIVE;
				CLANG_CXX_LANGUAGE_STANDARD = "gnu++14";
				CLANG_CXX_LIBRARY = "libc++";
				CLANG_ENABLE_MODULES = YES;
				CLANG_ENABLE_OBJC_ARC = YES;
				CLANG_ENABLE_OBJC_WEAK = YES;
				CLANG_WARN_BLOCK_CAPTURE_AUTORELEASING = YES;
				CLANG_WARN_BOOL_CONVERSION = YES;
				CLANG_WARN_COMMA = YES;
				CLANG_WARN_CONSTANT_CONVERSION = YES;
				CLANG_WARN_DEPRECATED_OBJC_IMPLEMENTATIONS = YES;
				CLANG_WARN_DIRECT_OBJC_ISA_USAGE = YES_ERROR;
				CLANG_WARN_DOCUMENTATION_COMMENTS = YES;
				CLANG_WARN_EMPTY_BODY = YES;
				CLANG_WARN_ENUM_CONVERSION = YES;
				CLANG_WARN_INFINITE_RECURSION = YES;
				CLANG_WARN_INT_CONVERSION = YES;
				CLANG_WARN_NON_LITERAL_NULL_CONVERSION = YES;
				CLANG_WARN_OBJC_IMPLICIT_RETAIN_SELF = YES;
				CLANG_WARN_OBJC_LITERAL_CONVERSION = YES;
				CLANG_WARN_OBJC_ROOT_CLASS = YES_ERROR;
				CLANG_WARN_QUOTED_INCLUDE_IN_FRAMEWORK_HEADER = YES;
				CLANG_WARN_RANGE_LOOP_ANALYSIS = YES;
				CLANG_WARN_STRICT_PROTOTYPES = YES;
				CLANG_WARN_SUSPICIOUS_MOVE = YES;
				CLANG_WARN_UNGUARDED_AVAILABILITY = YES_AGGRESSIVE;
				CLANG_WARN_UNREACHABLE_CODE = YES;
				CLANG_WARN__DUPLICATE_METHOD_MATCH = YES;
				COPY_PHASE_STRIP = NO;
				DEBUG_INFORMATION_FORMAT = "dwarf-with-dsym";
				ENABLE_NS_ASSERTIONS = NO;
				ENABLE_STRICT_OBJC_MSGSEND = YES;
				GCC_C_LANGUAGE_STANDARD = gnu11;
				GCC_NO_COMMON_BLOCKS = YES;
				GCC_WARN_64_TO_32_BIT_CONVERSION = YES;
				GCC_WARN_ABOUT_RETURN_TYPE = YES_ERROR;
				GCC_WARN_UNDECLARED_SELECTOR = YES;
				GCC_WARN_UNINITIALIZED_AUTOS = YES_AGGRESSIVE;
				GCC_WARN_UNUSED_FUNCTION = YES;
				GCC_WARN_UNUSED_VARIABLE = YES;
				IPHONEOS_DEPLOYMENT_TARGET = 14.2;
				MTL_ENABLE_DEBUG_INFO = NO;
				MTL_FAST_MATH = YES;
				SDKROOT = iphoneos;
				SWIFT_COMPILATION_MODE = wholemodule;
				SWIFT_OPTIMIZATION_LEVEL = "-O";
				VALIDATE_PRODUCT = YES;
			};
			name = Release;
		};
		62C6523C25691DB800A3D54A /* Debug */ = {
			isa = XCBuildConfiguration;
			baseConfigurationReference = CC1DD465A60BC7C6FDB06573 /* Pods-GiphySearch.debug.xcconfig */;
			buildSettings = {
				ASSETCATALOG_COMPILER_APPICON_NAME = AppIcon;
				ASSETCATALOG_COMPILER_GLOBAL_ACCENT_COLOR_NAME = AccentColor;
				CODE_SIGN_STYLE = Automatic;
				INFOPLIST_FILE = GiphySearch/Info.plist;
				IPHONEOS_DEPLOYMENT_TARGET = 13.0;
				LD_RUNPATH_SEARCH_PATHS = (
					"$(inherited)",
					"@executable_path/Frameworks",
				);
				PRODUCT_BUNDLE_IDENTIFIER = com.nhkr.GiphySearch;
				PRODUCT_NAME = "$(TARGET_NAME)";
				SWIFT_VERSION = 5.0;
				TARGETED_DEVICE_FAMILY = "1,2";
			};
			name = Debug;
		};
		62C6523D25691DB800A3D54A /* Release */ = {
			isa = XCBuildConfiguration;
			baseConfigurationReference = 327AE510240030F17A747323 /* Pods-GiphySearch.release.xcconfig */;
			buildSettings = {
				ASSETCATALOG_COMPILER_APPICON_NAME = AppIcon;
				ASSETCATALOG_COMPILER_GLOBAL_ACCENT_COLOR_NAME = AccentColor;
				CODE_SIGN_STYLE = Automatic;
				INFOPLIST_FILE = GiphySearch/Info.plist;
				IPHONEOS_DEPLOYMENT_TARGET = 13.0;
				LD_RUNPATH_SEARCH_PATHS = (
					"$(inherited)",
					"@executable_path/Frameworks",
				);
				PRODUCT_BUNDLE_IDENTIFIER = com.nhkr.GiphySearch;
				PRODUCT_NAME = "$(TARGET_NAME)";
				SWIFT_VERSION = 5.0;
				TARGETED_DEVICE_FAMILY = "1,2";
			};
			name = Release;
		};
		62C6523F25691DB800A3D54A /* Debug */ = {
			isa = XCBuildConfiguration;
			baseConfigurationReference = 9B161BC0098645C398375291 /* Pods-GiphySearchTests.debug.xcconfig */;
			buildSettings = {
				ALWAYS_EMBED_SWIFT_STANDARD_LIBRARIES = YES;
				BUNDLE_LOADER = "$(TEST_HOST)";
				CODE_SIGN_STYLE = Automatic;
				INFOPLIST_FILE = GiphySearchTests/Info.plist;
				IPHONEOS_DEPLOYMENT_TARGET = 14.2;
				LD_RUNPATH_SEARCH_PATHS = (
					"$(inherited)",
					"@executable_path/Frameworks",
					"@loader_path/Frameworks",
				);
				PRODUCT_BUNDLE_IDENTIFIER = com.nhkr.GiphySearchTests;
				PRODUCT_NAME = "$(TARGET_NAME)";
				SWIFT_VERSION = 5.0;
				TARGETED_DEVICE_FAMILY = "1,2";
				TEST_HOST = "$(BUILT_PRODUCTS_DIR)/GiphySearch.app/GiphySearch";
			};
			name = Debug;
		};
		62C6524025691DB800A3D54A /* Release */ = {
			isa = XCBuildConfiguration;
			baseConfigurationReference = 74C1CE5D78C1169891D38FA6 /* Pods-GiphySearchTests.release.xcconfig */;
			buildSettings = {
				ALWAYS_EMBED_SWIFT_STANDARD_LIBRARIES = YES;
				BUNDLE_LOADER = "$(TEST_HOST)";
				CODE_SIGN_STYLE = Automatic;
				INFOPLIST_FILE = GiphySearchTests/Info.plist;
				IPHONEOS_DEPLOYMENT_TARGET = 14.2;
				LD_RUNPATH_SEARCH_PATHS = (
					"$(inherited)",
					"@executable_path/Frameworks",
					"@loader_path/Frameworks",
				);
				PRODUCT_BUNDLE_IDENTIFIER = com.nhkr.GiphySearchTests;
				PRODUCT_NAME = "$(TARGET_NAME)";
				SWIFT_VERSION = 5.0;
				TARGETED_DEVICE_FAMILY = "1,2";
				TEST_HOST = "$(BUILT_PRODUCTS_DIR)/GiphySearch.app/GiphySearch";
			};
			name = Release;
		};
		62C6524225691DB800A3D54A /* Debug */ = {
			isa = XCBuildConfiguration;
			baseConfigurationReference = E95F34DE6E1154397775F782 /* Pods-GiphySearch-GiphySearchUITests.debug.xcconfig */;
			buildSettings = {
				ALWAYS_EMBED_SWIFT_STANDARD_LIBRARIES = YES;
				CODE_SIGN_STYLE = Automatic;
				INFOPLIST_FILE = GiphySearchUITests/Info.plist;
				LD_RUNPATH_SEARCH_PATHS = (
					"$(inherited)",
					"@executable_path/Frameworks",
					"@loader_path/Frameworks",
				);
				PRODUCT_BUNDLE_IDENTIFIER = com.nhkr.GiphySearchUITests;
				PRODUCT_NAME = "$(TARGET_NAME)";
				SWIFT_VERSION = 5.0;
				TARGETED_DEVICE_FAMILY = "1,2";
				TEST_TARGET_NAME = GiphySearch;
			};
			name = Debug;
		};
		62C6524325691DB800A3D54A /* Release */ = {
			isa = XCBuildConfiguration;
			baseConfigurationReference = 7434BC29540ADA5292D64AC2 /* Pods-GiphySearch-GiphySearchUITests.release.xcconfig */;
			buildSettings = {
				ALWAYS_EMBED_SWIFT_STANDARD_LIBRARIES = YES;
				CODE_SIGN_STYLE = Automatic;
				INFOPLIST_FILE = GiphySearchUITests/Info.plist;
				LD_RUNPATH_SEARCH_PATHS = (
					"$(inherited)",
					"@executable_path/Frameworks",
					"@loader_path/Frameworks",
				);
				PRODUCT_BUNDLE_IDENTIFIER = com.nhkr.GiphySearchUITests;
				PRODUCT_NAME = "$(TARGET_NAME)";
				SWIFT_VERSION = 5.0;
				TARGETED_DEVICE_FAMILY = "1,2";
				TEST_TARGET_NAME = GiphySearch;
			};
			name = Release;
		};
/* End XCBuildConfiguration section */

/* Begin XCConfigurationList section */
		62C6520C25691DB600A3D54A /* Build configuration list for PBXProject "GiphySearch" */ = {
			isa = XCConfigurationList;
			buildConfigurations = (
				62C6523925691DB800A3D54A /* Debug */,
				62C6523A25691DB800A3D54A /* Release */,
			);
			defaultConfigurationIsVisible = 0;
			defaultConfigurationName = Release;
		};
		62C6523B25691DB800A3D54A /* Build configuration list for PBXNativeTarget "GiphySearch" */ = {
			isa = XCConfigurationList;
			buildConfigurations = (
				62C6523C25691DB800A3D54A /* Debug */,
				62C6523D25691DB800A3D54A /* Release */,
			);
			defaultConfigurationIsVisible = 0;
			defaultConfigurationName = Release;
		};
		62C6523E25691DB800A3D54A /* Build configuration list for PBXNativeTarget "GiphySearchTests" */ = {
			isa = XCConfigurationList;
			buildConfigurations = (
				62C6523F25691DB800A3D54A /* Debug */,
				62C6524025691DB800A3D54A /* Release */,
			);
			defaultConfigurationIsVisible = 0;
			defaultConfigurationName = Release;
		};
		62C6524125691DB800A3D54A /* Build configuration list for PBXNativeTarget "GiphySearchUITests" */ = {
			isa = XCConfigurationList;
			buildConfigurations = (
				62C6524225691DB800A3D54A /* Debug */,
				62C6524325691DB800A3D54A /* Release */,
			);
			defaultConfigurationIsVisible = 0;
			defaultConfigurationName = Release;
		};
/* End XCConfigurationList section */

/* Begin XCVersionGroup section */
		62C652D9256957D400A3D54A /* CoreDataStorage.xcdatamodeld */ = {
			isa = XCVersionGroup;
			children = (
				62C652DA256957D400A3D54A /* CoreDataStorage.xcdatamodel */,
			);
			currentVersion = 62C652DA256957D400A3D54A /* CoreDataStorage.xcdatamodel */;
			path = CoreDataStorage.xcdatamodeld;
			sourceTree = "<group>";
			versionGroupType = wrapper.xcdatamodel;
		};
/* End XCVersionGroup section */
	};
	rootObject = 62C6520925691DB600A3D54A /* Project object */;
}
